// !$*UTF8*$!
{
	archiveVersion = 1;
	classes = {
	};
	objectVersion = 52;
	objects = {

/* Begin PBXBuildFile section */
		9CA6E46A26B13CAA00AB955B /* AppDelegate.swift in Sources */ = {isa = PBXBuildFile; fileRef = 9CA6E46926B13CAA00AB955B /* AppDelegate.swift */; };
		9CA6E46C26B13CAA00AB955B /* SceneDelegate.swift in Sources */ = {isa = PBXBuildFile; fileRef = 9CA6E46B26B13CAA00AB955B /* SceneDelegate.swift */; };
		9CA6E46E26B13CAA00AB955B /* ViewController.swift in Sources */ = {isa = PBXBuildFile; fileRef = 9CA6E46D26B13CAA00AB955B /* ViewController.swift */; };
		9CA6E47126B13CAA00AB955B /* Main.storyboard in Resources */ = {isa = PBXBuildFile; fileRef = 9CA6E46F26B13CAA00AB955B /* Main.storyboard */; };
		9CA6E47326B13CAE00AB955B /* Assets.xcassets in Resources */ = {isa = PBXBuildFile; fileRef = 9CA6E47226B13CAE00AB955B /* Assets.xcassets */; };
		9CA6E47626B13CAE00AB955B /* LaunchScreen.storyboard in Resources */ = {isa = PBXBuildFile; fileRef = 9CA6E47426B13CAE00AB955B /* LaunchScreen.storyboard */; };
		9CA6E48126B13CAF00AB955B /* SwiftAtomicsSampleTests.swift in Sources */ = {isa = PBXBuildFile; fileRef = 9CA6E48026B13CAF00AB955B /* SwiftAtomicsSampleTests.swift */; };
		9CA6E48C26B13CAF00AB955B /* SwiftAtomicsSampleUITests.swift in Sources */ = {isa = PBXBuildFile; fileRef = 9CA6E48B26B13CAF00AB955B /* SwiftAtomicsSampleUITests.swift */; };
		9CA6E49A26B13DAD00AB955B /* Counter.swift in Sources */ = {isa = PBXBuildFile; fileRef = 9CA6E49926B13DAD00AB955B /* Counter.swift */; };
		9CA6E49D26B13DDC00AB955B /* Atomics in Frameworks */ = {isa = PBXBuildFile; productRef = 9CA6E49C26B13DDC00AB955B /* Atomics */; };
/* End PBXBuildFile section */

/* Begin PBXContainerItemProxy section */
		9CA6E47D26B13CAF00AB955B /* PBXContainerItemProxy */ = {
			isa = PBXContainerItemProxy;
			containerPortal = 9CA6E45E26B13CA900AB955B /* Project object */;
			proxyType = 1;
			remoteGlobalIDString = 9CA6E46526B13CAA00AB955B;
			remoteInfo = SwiftAtomicsSample;
		};
		9CA6E48826B13CAF00AB955B /* PBXContainerItemProxy */ = {
			isa = PBXContainerItemProxy;
			containerPortal = 9CA6E45E26B13CA900AB955B /* Project object */;
			proxyType = 1;
			remoteGlobalIDString = 9CA6E46526B13CAA00AB955B;
			remoteInfo = SwiftAtomicsSample;
		};
/* End PBXContainerItemProxy section */

/* Begin PBXFileReference section */
		9CA6E46626B13CAA00AB955B /* SwiftAtomicsSample.app */ = {isa = PBXFileReference; explicitFileType = wrapper.application; includeInIndex = 0; path = SwiftAtomicsSample.app; sourceTree = BUILT_PRODUCTS_DIR; };
		9CA6E46926B13CAA00AB955B /* AppDelegate.swift */ = {isa = PBXFileReference; lastKnownFileType = sourcecode.swift; path = AppDelegate.swift; sourceTree = "<group>"; };
		9CA6E46B26B13CAA00AB955B /* SceneDelegate.swift */ = {isa = PBXFileReference; lastKnownFileType = sourcecode.swift; path = SceneDelegate.swift; sourceTree = "<group>"; };
		9CA6E46D26B13CAA00AB955B /* ViewController.swift */ = {isa = PBXFileReference; lastKnownFileType = sourcecode.swift; path = ViewController.swift; sourceTree = "<group>"; };
		9CA6E47026B13CAA00AB955B /* Base */ = {isa = PBXFileReference; lastKnownFileType = file.storyboard; name = Base; path = Base.lproj/Main.storyboard; sourceTree = "<group>"; };
		9CA6E47226B13CAE00AB955B /* Assets.xcassets */ = {isa = PBXFileReference; lastKnownFileType = folder.assetcatalog; path = Assets.xcassets; sourceTree = "<group>"; };
		9CA6E47526B13CAE00AB955B /* Base */ = {isa = PBXFileReference; lastKnownFileType = file.storyboard; name = Base; path = Base.lproj/LaunchScreen.storyboard; sourceTree = "<group>"; };
		9CA6E47726B13CAE00AB955B /* Info.plist */ = {isa = PBXFileReference; lastKnownFileType = text.plist.xml; path = Info.plist; sourceTree = "<group>"; };
		9CA6E47C26B13CAF00AB955B /* SwiftAtomicsSampleTests.xctest */ = {isa = PBXFileReference; explicitFileType = wrapper.cfbundle; includeInIndex = 0; path = SwiftAtomicsSampleTests.xctest; sourceTree = BUILT_PRODUCTS_DIR; };
		9CA6E48026B13CAF00AB955B /* SwiftAtomicsSampleTests.swift */ = {isa = PBXFileReference; lastKnownFileType = sourcecode.swift; path = SwiftAtomicsSampleTests.swift; sourceTree = "<group>"; };
		9CA6E48226B13CAF00AB955B /* Info.plist */ = {isa = PBXFileReference; lastKnownFileType = text.plist.xml; path = Info.plist; sourceTree = "<group>"; };
		9CA6E48726B13CAF00AB955B /* SwiftAtomicsSampleUITests.xctest */ = {isa = PBXFileReference; explicitFileType = wrapper.cfbundle; includeInIndex = 0; path = SwiftAtomicsSampleUITests.xctest; sourceTree = BUILT_PRODUCTS_DIR; };
		9CA6E48B26B13CAF00AB955B /* SwiftAtomicsSampleUITests.swift */ = {isa = PBXFileReference; lastKnownFileType = sourcecode.swift; path = SwiftAtomicsSampleUITests.swift; sourceTree = "<group>"; };
		9CA6E48D26B13CAF00AB955B /* Info.plist */ = {isa = PBXFileReference; lastKnownFileType = text.plist.xml; path = Info.plist; sourceTree = "<group>"; };
		9CA6E49926B13DAD00AB955B /* Counter.swift */ = {isa = PBXFileReference; lastKnownFileType = sourcecode.swift; path = Counter.swift; sourceTree = "<group>"; };
/* End PBXFileReference section */

/* Begin PBXFrameworksBuildPhase section */
		9CA6E46326B13CAA00AB955B /* Frameworks */ = {
			isa = PBXFrameworksBuildPhase;
			buildActionMask = 2147483647;
			files = (
				9CA6E49D26B13DDC00AB955B /* Atomics in Frameworks */,
			);
			runOnlyForDeploymentPostprocessing = 0;
		};
		9CA6E47926B13CAF00AB955B /* Frameworks */ = {
			isa = PBXFrameworksBuildPhase;
			buildActionMask = 2147483647;
			files = (
			);
			runOnlyForDeploymentPostprocessing = 0;
		};
		9CA6E48426B13CAF00AB955B /* Frameworks */ = {
			isa = PBXFrameworksBuildPhase;
			buildActionMask = 2147483647;
			files = (
			);
			runOnlyForDeploymentPostprocessing = 0;
		};
/* End PBXFrameworksBuildPhase section */

/* Begin PBXGroup section */
		9CA6E45D26B13CA900AB955B = {
			isa = PBXGroup;
			children = (
				9CA6E46826B13CAA00AB955B /* SwiftAtomicsSample */,
				9CA6E47F26B13CAF00AB955B /* SwiftAtomicsSampleTests */,
				9CA6E48A26B13CAF00AB955B /* SwiftAtomicsSampleUITests */,
				9CA6E46726B13CAA00AB955B /* Products */,
			);
			sourceTree = "<group>";
		};
		9CA6E46726B13CAA00AB955B /* Products */ = {
			isa = PBXGroup;
			children = (
				9CA6E46626B13CAA00AB955B /* SwiftAtomicsSample.app */,
				9CA6E47C26B13CAF00AB955B /* SwiftAtomicsSampleTests.xctest */,
				9CA6E48726B13CAF00AB955B /* SwiftAtomicsSampleUITests.xctest */,
			);
			name = Products;
			sourceTree = "<group>";
		};
		9CA6E46826B13CAA00AB955B /* SwiftAtomicsSample */ = {
			isa = PBXGroup;
			children = (
				9CA6E46926B13CAA00AB955B /* AppDelegate.swift */,
				9CA6E46B26B13CAA00AB955B /* SceneDelegate.swift */,
				9CA6E46D26B13CAA00AB955B /* ViewController.swift */,
				9CA6E49926B13DAD00AB955B /* Counter.swift */,
				9CA6E46F26B13CAA00AB955B /* Main.storyboard */,
				9CA6E47226B13CAE00AB955B /* Assets.xcassets */,
				9CA6E47426B13CAE00AB955B /* LaunchScreen.storyboard */,
				9CA6E47726B13CAE00AB955B /* Info.plist */,
			);
			path = SwiftAtomicsSample;
			sourceTree = "<group>";
		};
		9CA6E47F26B13CAF00AB955B /* SwiftAtomicsSampleTests */ = {
			isa = PBXGroup;
			children = (
				9CA6E48026B13CAF00AB955B /* SwiftAtomicsSampleTests.swift */,
				9CA6E48226B13CAF00AB955B /* Info.plist */,
			);
			path = SwiftAtomicsSampleTests;
			sourceTree = "<group>";
		};
		9CA6E48A26B13CAF00AB955B /* SwiftAtomicsSampleUITests */ = {
			isa = PBXGroup;
			children = (
				9CA6E48B26B13CAF00AB955B /* SwiftAtomicsSampleUITests.swift */,
				9CA6E48D26B13CAF00AB955B /* Info.plist */,
			);
			path = SwiftAtomicsSampleUITests;
			sourceTree = "<group>";
		};
/* End PBXGroup section */

/* Begin PBXNativeTarget section */
		9CA6E46526B13CAA00AB955B /* SwiftAtomicsSample */ = {
			isa = PBXNativeTarget;
			buildConfigurationList = 9CA6E49026B13CAF00AB955B /* Build configuration list for PBXNativeTarget "SwiftAtomicsSample" */;
			buildPhases = (
				9CA6E46226B13CAA00AB955B /* Sources */,
				9CA6E46326B13CAA00AB955B /* Frameworks */,
				9CA6E46426B13CAA00AB955B /* Resources */,
			);
			buildRules = (
			);
			dependencies = (
			);
			name = SwiftAtomicsSample;
			packageProductDependencies = (
				9CA6E49C26B13DDC00AB955B /* Atomics */,
			);
			productName = SwiftAtomicsSample;
			productReference = 9CA6E46626B13CAA00AB955B /* SwiftAtomicsSample.app */;
			productType = "com.apple.product-type.application";
		};
		9CA6E47B26B13CAF00AB955B /* SwiftAtomicsSampleTests */ = {
			isa = PBXNativeTarget;
			buildConfigurationList = 9CA6E49326B13CAF00AB955B /* Build configuration list for PBXNativeTarget "SwiftAtomicsSampleTests" */;
			buildPhases = (
				9CA6E47826B13CAF00AB955B /* Sources */,
				9CA6E47926B13CAF00AB955B /* Frameworks */,
				9CA6E47A26B13CAF00AB955B /* Resources */,
			);
			buildRules = (
			);
			dependencies = (
				9CA6E47E26B13CAF00AB955B /* PBXTargetDependency */,
			);
			name = SwiftAtomicsSampleTests;
			productName = SwiftAtomicsSampleTests;
			productReference = 9CA6E47C26B13CAF00AB955B /* SwiftAtomicsSampleTests.xctest */;
			productType = "com.apple.product-type.bundle.unit-test";
		};
		9CA6E48626B13CAF00AB955B /* SwiftAtomicsSampleUITests */ = {
			isa = PBXNativeTarget;
			buildConfigurationList = 9CA6E49626B13CAF00AB955B /* Build configuration list for PBXNativeTarget "SwiftAtomicsSampleUITests" */;
			buildPhases = (
				9CA6E48326B13CAF00AB955B /* Sources */,
				9CA6E48426B13CAF00AB955B /* Frameworks */,
				9CA6E48526B13CAF00AB955B /* Resources */,
			);
			buildRules = (
			);
			dependencies = (
				9CA6E48926B13CAF00AB955B /* PBXTargetDependency */,
			);
			name = SwiftAtomicsSampleUITests;
			productName = SwiftAtomicsSampleUITests;
			productReference = 9CA6E48726B13CAF00AB955B /* SwiftAtomicsSampleUITests.xctest */;
			productType = "com.apple.product-type.bundle.ui-testing";
		};
/* End PBXNativeTarget section */

/* Begin PBXProject section */
		9CA6E45E26B13CA900AB955B /* Project object */ = {
			isa = PBXProject;
			attributes = {
				LastSwiftUpdateCheck = 1250;
				LastUpgradeCheck = 1250;
				TargetAttributes = {
					9CA6E46526B13CAA00AB955B = {
						CreatedOnToolsVersion = 12.5.1;
					};
					9CA6E47B26B13CAF00AB955B = {
						CreatedOnToolsVersion = 12.5.1;
						TestTargetID = 9CA6E46526B13CAA00AB955B;
					};
					9CA6E48626B13CAF00AB955B = {
						CreatedOnToolsVersion = 12.5.1;
						TestTargetID = 9CA6E46526B13CAA00AB955B;
					};
				};
			};
			buildConfigurationList = 9CA6E46126B13CA900AB955B /* Build configuration list for PBXProject "SwiftAtomicsSample" */;
			compatibilityVersion = "Xcode 9.3";
			developmentRegion = en;
			hasScannedForEncodings = 0;
			knownRegions = (
				en,
				Base,
			);
			mainGroup = 9CA6E45D26B13CA900AB955B;
			packageReferences = (
				9CA6E49B26B13DDC00AB955B /* XCRemoteSwiftPackageReference "swift-atomics" */,
			);
			productRefGroup = 9CA6E46726B13CAA00AB955B /* Products */;
			projectDirPath = "";
			projectRoot = "";
			targets = (
				9CA6E46526B13CAA00AB955B /* SwiftAtomicsSample */,
				9CA6E47B26B13CAF00AB955B /* SwiftAtomicsSampleTests */,
				9CA6E48626B13CAF00AB955B /* SwiftAtomicsSampleUITests */,
			);
		};
/* End PBXProject section */

/* Begin PBXResourcesBuildPhase section */
		9CA6E46426B13CAA00AB955B /* Resources */ = {
			isa = PBXResourcesBuildPhase;
			buildActionMask = 2147483647;
			files = (
				9CA6E47626B13CAE00AB955B /* LaunchScreen.storyboard in Resources */,
				9CA6E47326B13CAE00AB955B /* Assets.xcassets in Resources */,
				9CA6E47126B13CAA00AB955B /* Main.storyboard in Resources */,
			);
			runOnlyForDeploymentPostprocessing = 0;
		};
		9CA6E47A26B13CAF00AB955B /* Resources */ = {
			isa = PBXResourcesBuildPhase;
			buildActionMask = 2147483647;
			files = (
			);
			runOnlyForDeploymentPostprocessing = 0;
		};
		9CA6E48526B13CAF00AB955B /* Resources */ = {
			isa = PBXResourcesBuildPhase;
			buildActionMask = 2147483647;
			files = (
			);
			runOnlyForDeploymentPostprocessing = 0;
		};
/* End PBXResourcesBuildPhase section */

/* Begin PBXSourcesBuildPhase section */
		9CA6E46226B13CAA00AB955B /* Sources */ = {
			isa = PBXSourcesBuildPhase;
			buildActionMask = 2147483647;
			files = (
				9CA6E49A26B13DAD00AB955B /* Counter.swift in Sources */,
				9CA6E46E26B13CAA00AB955B /* ViewController.swift in Sources */,
				9CA6E46A26B13CAA00AB955B /* AppDelegate.swift in Sources */,
				9CA6E46C26B13CAA00AB955B /* SceneDelegate.swift in Sources */,
			);
			runOnlyForDeploymentPostprocessing = 0;
		};
		9CA6E47826B13CAF00AB955B /* Sources */ = {
			isa = PBXSourcesBuildPhase;
			buildActionMask = 2147483647;
			files = (
				9CA6E48126B13CAF00AB955B /* SwiftAtomicsSampleTests.swift in Sources */,
			);
			runOnlyForDeploymentPostprocessing = 0;
		};
		9CA6E48326B13CAF00AB955B /* Sources */ = {
			isa = PBXSourcesBuildPhase;
			buildActionMask = 2147483647;
			files = (
				9CA6E48C26B13CAF00AB955B /* SwiftAtomicsSampleUITests.swift in Sources */,
			);
			runOnlyForDeploymentPostprocessing = 0;
		};
/* End PBXSourcesBuildPhase section */

/* Begin PBXTargetDependency section */
		9CA6E47E26B13CAF00AB955B /* PBXTargetDependency */ = {
			isa = PBXTargetDependency;
			target = 9CA6E46526B13CAA00AB955B /* SwiftAtomicsSample */;
			targetProxy = 9CA6E47D26B13CAF00AB955B /* PBXContainerItemProxy */;
		};
		9CA6E48926B13CAF00AB955B /* PBXTargetDependency */ = {
			isa = PBXTargetDependency;
			target = 9CA6E46526B13CAA00AB955B /* SwiftAtomicsSample */;
			targetProxy = 9CA6E48826B13CAF00AB955B /* PBXContainerItemProxy */;
		};
/* End PBXTargetDependency section */

/* Begin PBXVariantGroup section */
		9CA6E46F26B13CAA00AB955B /* Main.storyboard */ = {
			isa = PBXVariantGroup;
			children = (
				9CA6E47026B13CAA00AB955B /* Base */,
			);
			name = Main.storyboard;
			sourceTree = "<group>";
		};
		9CA6E47426B13CAE00AB955B /* LaunchScreen.storyboard */ = {
			isa = PBXVariantGroup;
			children = (
				9CA6E47526B13CAE00AB955B /* Base */,
			);
			name = LaunchScreen.storyboard;
			sourceTree = "<group>";
		};
/* End PBXVariantGroup section */

/* Begin XCBuildConfiguration section */
		9CA6E48E26B13CAF00AB955B /* Debug */ = {
			isa = XCBuildConfiguration;
			buildSettings = {
				ALWAYS_SEARCH_USER_PATHS = NO;
				CLANG_ANALYZER_NONNULL = YES;
				CLANG_ANALYZER_NUMBER_OBJECT_CONVERSION = YES_AGGRESSIVE;
				CLANG_CXX_LANGUAGE_STANDARD = "gnu++14";
				CLANG_CXX_LIBRARY = "libc++";
				CLANG_ENABLE_MODULES = YES;
				CLANG_ENABLE_OBJC_ARC = YES;
				CLANG_ENABLE_OBJC_WEAK = YES;
				CLANG_WARN_BLOCK_CAPTURE_AUTORELEASING = YES;
				CLANG_WARN_BOOL_CONVERSION = YES;
				CLANG_WARN_COMMA = YES;
				CLANG_WARN_CONSTANT_CONVERSION = YES;
				CLANG_WARN_DEPRECATED_OBJC_IMPLEMENTATIONS = YES;
				CLANG_WARN_DIRECT_OBJC_ISA_USAGE = YES_ERROR;
				CLANG_WARN_DOCUMENTATION_COMMENTS = YES;
				CLANG_WARN_EMPTY_BODY = YES;
				CLANG_WARN_ENUM_CONVERSION = YES;
				CLANG_WARN_INFINITE_RECURSION = YES;
				CLANG_WARN_INT_CONVERSION = YES;
				CLANG_WARN_NON_LITERAL_NULL_CONVERSION = YES;
				CLANG_WARN_OBJC_IMPLICIT_RETAIN_SELF = YES;
				CLANG_WARN_OBJC_LITERAL_CONVERSION = YES;
				CLANG_WARN_OBJC_ROOT_CLASS = YES_ERROR;
				CLANG_WARN_QUOTED_INCLUDE_IN_FRAMEWORK_HEADER = YES;
				CLANG_WARN_RANGE_LOOP_ANALYSIS = YES;
				CLANG_WARN_STRICT_PROTOTYPES = YES;
				CLANG_WARN_SUSPICIOUS_MOVE = YES;
				CLANG_WARN_UNGUARDED_AVAILABILITY = YES_AGGRESSIVE;
				CLANG_WARN_UNREACHABLE_CODE = YES;
				CLANG_WARN__DUPLICATE_METHOD_MATCH = YES;
				COPY_PHASE_STRIP = NO;
				DEBUG_INFORMATION_FORMAT = dwarf;
				ENABLE_STRICT_OBJC_MSGSEND = YES;
				ENABLE_TESTABILITY = YES;
				GCC_C_LANGUAGE_STANDARD = gnu11;
				GCC_DYNAMIC_NO_PIC = NO;
				GCC_NO_COMMON_BLOCKS = YES;
				GCC_OPTIMIZATION_LEVEL = 0;
				GCC_PREPROCESSOR_DEFINITIONS = (
					"DEBUG=1",
					"$(inherited)",
				);
				GCC_WARN_64_TO_32_BIT_CONVERSION = YES;
				GCC_WARN_ABOUT_RETURN_TYPE = YES_ERROR;
				GCC_WARN_UNDECLARED_SELECTOR = YES;
				GCC_WARN_UNINITIALIZED_AUTOS = YES_AGGRESSIVE;
				GCC_WARN_UNUSED_FUNCTION = YES;
				GCC_WARN_UNUSED_VARIABLE = YES;
				IPHONEOS_DEPLOYMENT_TARGET = 12.3;
				MTL_ENABLE_DEBUG_INFO = INCLUDE_SOURCE;
				MTL_FAST_MATH = YES;
				ONLY_ACTIVE_ARCH = YES;
				SDKROOT = iphoneos;
				SWIFT_ACTIVE_COMPILATION_CONDITIONS = DEBUG;
				SWIFT_OPTIMIZATION_LEVEL = "-Onone";
			};
			name = Debug;
		};
		9CA6E48F26B13CAF00AB955B /* Release */ = {
			isa = XCBuildConfiguration;
			buildSettings = {
				ALWAYS_SEARCH_USER_PATHS = NO;
				CLANG_ANALYZER_NONNULL = YES;
				CLANG_ANALYZER_NUMBER_OBJECT_CONVERSION = YES_AGGRESSIVE;
				CLANG_CXX_LANGUAGE_STANDARD = "gnu++14";
				CLANG_CXX_LIBRARY = "libc++";
				CLANG_ENABLE_MODULES = YES;
				CLANG_ENABLE_OBJC_ARC = YES;
				CLANG_ENABLE_OBJC_WEAK = YES;
				CLANG_WARN_BLOCK_CAPTURE_AUTORELEASING = YES;
				CLANG_WARN_BOOL_CONVERSION = YES;
				CLANG_WARN_COMMA = YES;
				CLANG_WARN_CONSTANT_CONVERSION = YES;
				CLANG_WARN_DEPRECATED_OBJC_IMPLEMENTATIONS = YES;
				CLANG_WARN_DIRECT_OBJC_ISA_USAGE = YES_ERROR;
				CLANG_WARN_DOCUMENTATION_COMMENTS = YES;
				CLANG_WARN_EMPTY_BODY = YES;
				CLANG_WARN_ENUM_CONVERSION = YES;
				CLANG_WARN_INFINITE_RECURSION = YES;
				CLANG_WARN_INT_CONVERSION = YES;
				CLANG_WARN_NON_LITERAL_NULL_CONVERSION = YES;
				CLANG_WARN_OBJC_IMPLICIT_RETAIN_SELF = YES;
				CLANG_WARN_OBJC_LITERAL_CONVERSION = YES;
				CLANG_WARN_OBJC_ROOT_CLASS = YES_ERROR;
				CLANG_WARN_QUOTED_INCLUDE_IN_FRAMEWORK_HEADER = YES;
				CLANG_WARN_RANGE_LOOP_ANALYSIS = YES;
				CLANG_WARN_STRICT_PROTOTYPES = YES;
				CLANG_WARN_SUSPICIOUS_MOVE = YES;
				CLANG_WARN_UNGUARDED_AVAILABILITY = YES_AGGRESSIVE;
				CLANG_WARN_UNREACHABLE_CODE = YES;
				CLANG_WARN__DUPLICATE_METHOD_MATCH = YES;
				COPY_PHASE_STRIP = NO;
				DEBUG_INFORMATION_FORMAT = "dwarf-with-dsym";
				ENABLE_NS_ASSERTIONS = NO;
				ENABLE_STRICT_OBJC_MSGSEND = YES;
				GCC_C_LANGUAGE_STANDARD = gnu11;
				GCC_NO_COMMON_BLOCKS = YES;
				GCC_WARN_64_TO_32_BIT_CONVERSION = YES;
				GCC_WARN_ABOUT_RETURN_TYPE = YES_ERROR;
				GCC_WARN_UNDECLARED_SELECTOR = YES;
				GCC_WARN_UNINITIALIZED_AUTOS = YES_AGGRESSIVE;
				GCC_WARN_UNUSED_FUNCTION = YES;
				GCC_WARN_UNUSED_VARIABLE = YES;
				IPHONEOS_DEPLOYMENT_TARGET = 12.3;
				MTL_ENABLE_DEBUG_INFO = NO;
				MTL_FAST_MATH = YES;
				SDKROOT = iphoneos;
				SWIFT_COMPILATION_MODE = wholemodule;
				SWIFT_OPTIMIZATION_LEVEL = "-O";
				VALIDATE_PRODUCT = YES;
			};
			name = Release;
		};
		9CA6E49126B13CAF00AB955B /* Debug */ = {
			isa = XCBuildConfiguration;
			buildSettings = {
				ASSETCATALOG_COMPILER_APPICON_NAME = AppIcon;
				ASSETCATALOG_COMPILER_GLOBAL_ACCENT_COLOR_NAME = AccentColor;
				CODE_SIGN_STYLE = Automatic;
				DEVELOPMENT_TEAM = TXFV3DH636;
				INFOPLIST_FILE = SwiftAtomicsSample/Info.plist;
				LD_RUNPATH_SEARCH_PATHS = (
					"$(inherited)",
					"@executable_path/Frameworks",
				);
				PRODUCT_BUNDLE_IDENTIFIER = co.kotetu.app.sample.atomic.SwiftAtomicsSample;
				PRODUCT_NAME = "$(TARGET_NAME)";
				SWIFT_VERSION = 5.0;
				TARGETED_DEVICE_FAMILY = "1,2";
			};
			name = Debug;
		};
		9CA6E49226B13CAF00AB955B /* Release */ = {
			isa = XCBuildConfiguration;
			buildSettings = {
				ASSETCATALOG_COMPILER_APPICON_NAME = AppIcon;
				ASSETCATALOG_COMPILER_GLOBAL_ACCENT_COLOR_NAME = AccentColor;
				CODE_SIGN_STYLE = Automatic;
				DEVELOPMENT_TEAM = TXFV3DH636;
				INFOPLIST_FILE = SwiftAtomicsSample/Info.plist;
				LD_RUNPATH_SEARCH_PATHS = (
					"$(inherited)",
					"@executable_path/Frameworks",
				);
				PRODUCT_BUNDLE_IDENTIFIER = co.kotetu.app.sample.atomic.SwiftAtomicsSample;
				PRODUCT_NAME = "$(TARGET_NAME)";
				SWIFT_VERSION = 5.0;
				TARGETED_DEVICE_FAMILY = "1,2";
			};
			name = Release;
		};
		9CA6E49426B13CAF00AB955B /* Debug */ = {
			isa = XCBuildConfiguration;
			buildSettings = {
				ALWAYS_EMBED_SWIFT_STANDARD_LIBRARIES = YES;
				BUNDLE_LOADER = "$(TEST_HOST)";
				CODE_SIGN_STYLE = Automatic;
				DEVELOPMENT_TEAM = TXFV3DH636;
				INFOPLIST_FILE = SwiftAtomicsSampleTests/Info.plist;
				IPHONEOS_DEPLOYMENT_TARGET = 14.5;
				LD_RUNPATH_SEARCH_PATHS = (
					"$(inherited)",
					"@executable_path/Frameworks",
					"@loader_path/Frameworks",
				);
				PRODUCT_BUNDLE_IDENTIFIER = co.kotetu.app.sample.atomic.SwiftAtomicsSampleTests;
				PRODUCT_NAME = "$(TARGET_NAME)";
				SWIFT_VERSION = 5.0;
				TARGETED_DEVICE_FAMILY = "1,2";
				TEST_HOST = "$(BUILT_PRODUCTS_DIR)/SwiftAtomicsSample.app/SwiftAtomicsSample";
			};
			name = Debug;
		};
		9CA6E49526B13CAF00AB955B /* Release */ = {
			isa = XCBuildConfiguration;
			buildSettings = {
				ALWAYS_EMBED_SWIFT_STANDARD_LIBRARIES = YES;
				BUNDLE_LOADER = "$(TEST_HOST)";
				CODE_SIGN_STYLE = Automatic;
				DEVELOPMENT_TEAM = TXFV3DH636;
				INFOPLIST_FILE = SwiftAtomicsSampleTests/Info.plist;
				IPHONEOS_DEPLOYMENT_TARGET = 14.5;
				LD_RUNPATH_SEARCH_PATHS = (
					"$(inherited)",
					"@executable_path/Frameworks",
					"@loader_path/Frameworks",
				);
				PRODUCT_BUNDLE_IDENTIFIER = co.kotetu.app.sample.atomic.SwiftAtomicsSampleTests;
				PRODUCT_NAME = "$(TARGET_NAME)";
				SWIFT_VERSION = 5.0;
				TARGETED_DEVICE_FAMILY = "1,2";
				TEST_HOST = "$(BUILT_PRODUCTS_DIR)/SwiftAtomicsSample.app/SwiftAtomicsSample";
			};
			name = Release;
		};
		9CA6E49726B13CAF00AB955B /* Debug */ = {
			isa = XCBuildConfiguration;
			buildSettings = {
				ALWAYS_EMBED_SWIFT_STANDARD_LIBRARIES = YES;
				CODE_SIGN_STYLE = Automatic;
				DEVELOPMENT_TEAM = TXFV3DH636;
				INFOPLIST_FILE = SwiftAtomicsSampleUITests/Info.plist;
				LD_RUNPATH_SEARCH_PATHS = (
					"$(inherited)",
					"@executable_path/Frameworks",
					"@loader_path/Frameworks",
				);
				PRODUCT_BUNDLE_IDENTIFIER = co.kotetu.app.sample.atomic.SwiftAtomicsSampleUITests;
				PRODUCT_NAME = "$(TARGET_NAME)";
				SWIFT_VERSION = 5.0;
				TARGETED_DEVICE_FAMILY = "1,2";
				TEST_TARGET_NAME = SwiftAtomicsSample;
			};
			name = Debug;
		};
		9CA6E49826B13CAF00AB955B /* Release */ = {
			isa = XCBuildConfiguration;
			buildSettings = {
				ALWAYS_EMBED_SWIFT_STANDARD_LIBRARIES = YES;
				CODE_SIGN_STYLE = Automatic;
				DEVELOPMENT_TEAM = TXFV3DH636;
				INFOPLIST_FILE = SwiftAtomicsSampleUITests/Info.plist;
				LD_RUNPATH_SEARCH_PATHS = (
					"$(inherited)",
					"@executable_path/Frameworks",
					"@loader_path/Frameworks",
				);
				PRODUCT_BUNDLE_IDENTIFIER = co.kotetu.app.sample.atomic.SwiftAtomicsSampleUITests;
				PRODUCT_NAME = "$(TARGET_NAME)";
				SWIFT_VERSION = 5.0;
				TARGETED_DEVICE_FAMILY = "1,2";
				TEST_TARGET_NAME = SwiftAtomicsSample;
			};
			name = Release;
		};
/* End XCBuildConfiguration section */

/* Begin XCConfigurationList section */
		9CA6E46126B13CA900AB955B /* Build configuration list for PBXProject "SwiftAtomicsSample" */ = {
			isa = XCConfigurationList;
			buildConfigurations = (
				9CA6E48E26B13CAF00AB955B /* Debug */,
				9CA6E48F26B13CAF00AB955B /* Release */,
			);
			defaultConfigurationIsVisible = 0;
			defaultConfigurationName = Release;
		};
		9CA6E49026B13CAF00AB955B /* Build configuration list for PBXNativeTarget "SwiftAtomicsSample" */ = {
			isa = XCConfigurationList;
			buildConfigurations = (
				9CA6E49126B13CAF00AB955B /* Debug */,
				9CA6E49226B13CAF00AB955B /* Release */,
			);
			defaultConfigurationIsVisible = 0;
			defaultConfigurationName = Release;
		};
		9CA6E49326B13CAF00AB955B /* Build configuration list for PBXNativeTarget "SwiftAtomicsSampleTests" */ = {
			isa = XCConfigurationList;
			buildConfigurations = (
				9CA6E49426B13CAF00AB955B /* Debug */,
				9CA6E49526B13CAF00AB955B /* Release */,
			);
			defaultConfigurationIsVisible = 0;
			defaultConfigurationName = Release;
		};
		9CA6E49626B13CAF00AB955B /* Build configuration list for PBXNativeTarget "SwiftAtomicsSampleUITests" */ = {
			isa = XCConfigurationList;
			buildConfigurations = (
				9CA6E49726B13CAF00AB955B /* Debug */,
				9CA6E49826B13CAF00AB955B /* Release */,
			);
			defaultConfigurationIsVisible = 0;
			defaultConfigurationName = Release;
		};
/* End XCConfigurationList section */

/* Begin XCRemoteSwiftPackageReference section */
		9CA6E49B26B13DDC00AB955B /* XCRemoteSwiftPackageReference "swift-atomics" */ = {
			isa = XCRemoteSwiftPackageReference;
			repositoryURL = "https://github.com/apple/swift-atomics";
			requirement = {
				kind = upToNextMajorVersion;
				minimumVersion = 0.0.3;
			};
		};
/* End XCRemoteSwiftPackageReference section */

/* Begin XCSwiftPackageProductDependency section */
		9CA6E49C26B13DDC00AB955B /* Atomics */ = {
			isa = XCSwiftPackageProductDependency;
			package = 9CA6E49B26B13DDC00AB955B /* XCRemoteSwiftPackageReference "swift-atomics" */;
			productName = Atomics;
		};
/* End XCSwiftPackageProductDependency section */
	};
	rootObject = 9CA6E45E26B13CA900AB955B /* Project object */;
}
